<?xml version="1.0" encoding="utf-8"?>
<Project ToolsVersion="4.0" xmlns="http://schemas.microsoft.com/developer/msbuild/2003">
  <ItemGroup>
    <Filter Include="Form Files">
      <UniqueIdentifier>{99349809-55BA-4b9d-BF79-8FDBB0286EB3}</UniqueIdentifier>
      <Extensions>ui</Extensions>
    </Filter>
    <Filter Include="Resource Files">
      <UniqueIdentifier>{D9D6E242-F8AF-46E4-B9FD-80ECBC20BA3E}</UniqueIdentifier>
      <Extensions>qrc;*</Extensions>
      <ParseFiles>false</ParseFiles>
    </Filter>
    <Filter Include="Generated Files">
      <UniqueIdentifier>{71ED8ED8-ACB9-4CE9-BBE1-E00B30144E11}</UniqueIdentifier>
      <Extensions>moc;h;cpp</Extensions>
      <SourceControlFiles>False</SourceControlFiles>
    </Filter>
    <Filter Include="Generated Files\Debug">
      <UniqueIdentifier>{ef1818f8-73ca-403e-bc51-00800f0908e5}</UniqueIdentifier>
      <Extensions>cpp;moc</Extensions>
      <SourceControlFiles>False</SourceControlFiles>
    </Filter>
    <Filter Include="Generated Files\Release">
      <UniqueIdentifier>{d2a339c2-83c0-49b4-ae47-c46bf955d941}</UniqueIdentifier>
      <Extensions>cpp;moc</Extensions>
      <SourceControlFiles>False</SourceControlFiles>
    </Filter>
    <Filter Include="Data Base">
      <UniqueIdentifier>{395dcc1e-1295-4241-9d45-b52bd4595a7d}</UniqueIdentifier>
    </Filter>
    <Filter Include="Application">
      <UniqueIdentifier>{c547112c-0606-497b-b740-038c6e35afaa}</UniqueIdentifier>
    </Filter>
    <Filter Include="Gui">
      <UniqueIdentifier>{9009f2ac-a97a-42e4-8fa4-b8b9daffb9d7}</UniqueIdentifier>
    </Filter>
    <Filter Include="Translation Files">
      <UniqueIdentifier>{639EADAA-A684-42e4-A9AD-28FC9BCB8F7C}</UniqueIdentifier>
      <Extensions>ts</Extensions>
      <ParseFiles>false</ParseFiles>
    </Filter>
  </ItemGroup>
  <ItemGroup>
    <ClCompile Include="GeneratedFiles\qrc_farmmanager.cpp">
      <Filter>Generated Files</Filter>
    </ClCompile>
    <ClCompile Include="gui_addcustomerdlg.cpp">
      <Filter>Gui</Filter>
    </ClCompile>
    <ClCompile Include="db_connectionstarter.cpp">
      <Filter>Data Base</Filter>
    </ClCompile>
    <ClCompile Include="gui_storageswidget.cpp">
      <Filter>Gui</Filter>
    </ClCompile>
    <ClCompile Include="main.cpp">
      <Filter>Application</Filter>
    </ClCompile>
    <ClCompile Include="db_manager.cpp">
      <Filter>Data Base</Filter>
    </ClCompile>
    <ClCompile Include="db_transactionsdata.cpp">
      <Filter>Data Base</Filter>
    </ClCompile>
    <ClCompile Include="db_storagesdata.cpp">
      <Filter>Data Base</Filter>
    </ClCompile>
    <ClCompile Include="GeneratedFiles\Debug\moc_gui_farmmanagerwidget.cpp">
      <Filter>Generated Files\Debug</Filter>
    </ClCompile>
    <ClCompile Include="GeneratedFiles\Release\moc_gui_farmmanagerwidget.cpp">
      <Filter>Generated Files\Release</Filter>
    </ClCompile>
    <ClCompile Include="gui_farmmanagerwidget.cpp">
      <Filter>Gui</Filter>
    </ClCompile>
    <ClCompile Include="gui_customerswidget.cpp">
      <Filter>Gui</Filter>
    </ClCompile>
    <ClCompile Include="GeneratedFiles\Debug\moc_gui_customerswidget.cpp">
      <Filter>Generated Files\Debug</Filter>
    </ClCompile>
    <ClCompile Include="GeneratedFiles\Release\moc_gui_customerswidget.cpp">
      <Filter>Generated Files\Release</Filter>
    </ClCompile>
    <ClCompile Include="GeneratedFiles\Debug\moc_gui_newdealdlg.cpp">
      <Filter>Generated Files\Debug</Filter>
    </ClCompile>
    <ClCompile Include="GeneratedFiles\Debug\moc_gui_querytablemodel.cpp">
      <Filter>Generated Files\Debug</Filter>
    </ClCompile>
    <ClCompile Include="GeneratedFiles\Release\moc_gui_newdealdlg.cpp">
      <Filter>Generated Files\Debug</Filter>
    </ClCompile>
    <ClCompile Include="GeneratedFiles\Release\moc_gui_querytablemodel.cpp">
      <Filter>Generated Files\Debug</Filter>
    </ClCompile>
    <ClCompile Include="gui_totalviewer_wdg.cpp">
      <Filter>Gui</Filter>
    </ClCompile>
    <ClCompile Include="GeneratedFiles\Debug\moc_gui_totalviewer_wdg.cpp">
      <Filter>Generated Files\Debug</Filter>
    </ClCompile>
    <ClCompile Include="GeneratedFiles\Release\moc_gui_totalviewer_wdg.cpp">
      <Filter>Generated Files\Release</Filter>
    </ClCompile>
    <ClCompile Include="GeneratedFiles\Debug\moc_gui_addcustomerdlg.cpp">
      <Filter>Generated Files\Debug</Filter>
    </ClCompile>
    <ClCompile Include="GeneratedFiles\Release\moc_gui_addcustomerdlg.cpp">
      <Filter>Generated Files\Release</Filter>
    </ClCompile>
    <ClCompile Include="GeneratedFiles\Debug\moc_gui_storageswidget.cpp">
      <Filter>Generated Files\Debug</Filter>
    </ClCompile>
    <ClCompile Include="GeneratedFiles\Release\moc_gui_storageswidget.cpp">
      <Filter>Generated Files\Release</Filter>
    </ClCompile>
    <ClCompile Include="gui_transactionswidget.cpp">
      <Filter>Gui</Filter>
    </ClCompile>
    <ClCompile Include="GeneratedFiles\Debug\moc_gui_transactionswidget.cpp">
      <Filter>Generated Files\Debug</Filter>
    </ClCompile>
    <ClCompile Include="GeneratedFiles\Release\moc_gui_transactionswidget.cpp">
      <Filter>Generated Files\Release</Filter>
    </ClCompile>
    <ClCompile Include="db_customersdata.cpp">
      <Filter>Data Base</Filter>
    </ClCompile>
    <ClCompile Include="GeneratedFiles\Debug\moc_db_customersdata.cpp">
      <Filter>Generated Files\Debug</Filter>
    </ClCompile>
    <ClCompile Include="GeneratedFiles\Release\moc_db_customersdata.cpp">
      <Filter>Generated Files\Release</Filter>
    </ClCompile>
    <ClCompile Include="GeneratedFiles\Debug\moc_db_storagesdata.cpp">
      <Filter>Generated Files\Debug</Filter>
    </ClCompile>
    <ClCompile Include="GeneratedFiles\Release\moc_db_storagesdata.cpp">
      <Filter>Generated Files\Release</Filter>
    </ClCompile>
    <ClCompile Include="GeneratedFiles\Debug\moc_db_transactionsdata.cpp">
      <Filter>Generated Files\Debug</Filter>
    </ClCompile>
    <ClCompile Include="GeneratedFiles\Release\moc_db_transactionsdata.cpp">
      <Filter>Generated Files\Release</Filter>
    </ClCompile>
    <ClCompile Include="gui_financeswidget.cpp">
      <Filter>Gui</Filter>
    </ClCompile>
    <ClCompile Include="GeneratedFiles\Debug\moc_gui_financeswidget.cpp">
      <Filter>Generated Files\Debug</Filter>
    </ClCompile>
    <ClCompile Include="GeneratedFiles\Release\moc_gui_financeswidget.cpp">
      <Filter>Generated Files\Release</Filter>
    </ClCompile>
    <ClCompile Include="gui_newdealdlg.cpp">
      <Filter>Gui</Filter>
    </ClCompile>
    <ClCompile Include="gui_querytablemodel.cpp">
      <Filter>Gui</Filter>
    </ClCompile>
    <ClCompile Include="gui_storeexplorer_wdg.cpp">
      <Filter>Gui</Filter>
    </ClCompile>
    <ClCompile Include="gui_settingswidget.cpp">
      <Filter>Gui</Filter>
    </ClCompile>
    <ClCompile Include="GeneratedFiles\Debug\moc_gui_settingswidget.cpp">
      <Filter>Generated Files\Debug</Filter>
    </ClCompile>
    <ClCompile Include="GeneratedFiles\Release\moc_gui_settingswidget.cpp">
      <Filter>Generated Files\Release</Filter>
    </ClCompile>
    <ClCompile Include="gui_addproduct.cpp">
      <Filter>Gui</Filter>
    </ClCompile>
    <ClCompile Include="GeneratedFiles\Debug\moc_gui_addproduct.cpp">
      <Filter>Generated Files\Debug</Filter>
    </ClCompile>
    <ClCompile Include="GeneratedFiles\Release\moc_gui_addproduct.cpp">
      <Filter>Generated Files\Release</Filter>
    </ClCompile>
    <ClCompile Include="gui_addstoreitem_dlg.cpp">
      <Filter>Gui</Filter>
    </ClCompile>
    <ClCompile Include="GeneratedFiles\Debug\moc_gui_addstoreitem_dlg.cpp">
      <Filter>Generated Files\Debug</Filter>
    </ClCompile>
    <ClCompile Include="GeneratedFiles\Release\moc_gui_addstoreitem_dlg.cpp">
      <Filter>Generated Files\Release</Filter>
    </ClCompile>
    <ClCompile Include="GeneratedFiles\Debug\moc_gui_subtractstoreitem_dlg.cpp">
      <Filter>Generated Files\Debug</Filter>
    </ClCompile>
    <ClCompile Include="GeneratedFiles\Release\moc_gui_subtractstoreitem_dlg.cpp">
      <Filter>Generated Files\Release</Filter>
    </ClCompile>
    <ClCompile Include="gui_subtractstoreitem_dlg.cpp">
      <Filter>Gui</Filter>
    </ClCompile>
    <ClCompile Include="GeneratedFiles\Debug\moc_gui_addstore_dlg.cpp">
      <Filter>Generated Files\Debug</Filter>
    </ClCompile>
    <ClCompile Include="GeneratedFiles\Release\moc_gui_addstore_dlg.cpp">
      <Filter>Generated Files\Release</Filter>
    </ClCompile>
    <ClCompile Include="gui_addstore_dlg.cpp">
      <Filter>Gui</Filter>
    </ClCompile>
    <ClCompile Include="gui_addfarmcostsdlg.cpp">
      <Filter>Gui</Filter>
    </ClCompile>
    <ClCompile Include="gui_addstoragecostsdlg.cpp">
      <Filter>Gui</Filter>
    </ClCompile>
    <ClCompile Include="GeneratedFiles\Debug\moc_gui_addfarmcostsdlg.cpp">
      <Filter>Generated Files\Debug</Filter>
    </ClCompile>
    <ClCompile Include="GeneratedFiles\Release\moc_gui_addfarmcostsdlg.cpp">
      <Filter>Generated Files\Release</Filter>
    </ClCompile>
    <ClCompile Include="GeneratedFiles\Debug\moc_gui_addstoragecostsdlg.cpp">
      <Filter>Generated Files\Debug</Filter>
    </ClCompile>
    <ClCompile Include="GeneratedFiles\Release\moc_gui_addstoragecostsdlg.cpp">
      <Filter>Generated Files\Release</Filter>
    </ClCompile>
    <ClCompile Include="gui_declinestoreitemdlg.cpp">
      <Filter>Gui</Filter>
    </ClCompile>
    <ClCompile Include="GeneratedFiles\Debug\moc_gui_declinestoreitemdlg.cpp">
      <Filter>Generated Files\Debug</Filter>
    </ClCompile>
    <ClCompile Include="GeneratedFiles\Release\moc_gui_declinestoreitemdlg.cpp">
      <Filter>Generated Files\Release</Filter>
    </ClCompile>
    <ClCompile Include="gui_movestoreitem_dlg.cpp">
      <Filter>Gui</Filter>
    </ClCompile>
    <ClCompile Include="GeneratedFiles\Debug\moc_gui_movestoreitem_dlg.cpp">
      <Filter>Generated Files\Debug</Filter>
    </ClCompile>
    <ClCompile Include="GeneratedFiles\Release\moc_gui_movestoreitem_dlg.cpp">
      <Filter>Generated Files\Release</Filter>
    </ClCompile>
    <ClCompile Include="GeneratedFiles\Debug\moc_gui_storeexplorer_wdg.cpp">
      <Filter>Generated Files\Debug</Filter>
    </ClCompile>
    <ClCompile Include="GeneratedFiles\Release\moc_gui_storeexplorer_wdg.cpp">
      <Filter>Generated Files\Release</Filter>
    </ClCompile>
    <ClCompile Include="gui_storagehistory_wdg.cpp">
      <Filter>Gui</Filter>
    </ClCompile>
    <ClCompile Include="GeneratedFiles\Debug\moc_gui_storagehistory_wdg.cpp">
      <Filter>Generated Files\Debug</Filter>
    </ClCompile>
    <ClCompile Include="GeneratedFiles\Release\moc_gui_storagehistory_wdg.cpp">
      <Filter>Generated Files\Release</Filter>
    </ClCompile>
    <ClCompile Include="gui_nourish_dlg.cpp">
      <Filter>Gui</Filter>
    </ClCompile>
    <ClCompile Include="GeneratedFiles\Debug\moc_gui_nourish_dlg.cpp">
      <Filter>Generated Files\Debug</Filter>
    </ClCompile>
    <ClCompile Include="GeneratedFiles\Release\moc_gui_nourish_dlg.cpp">
      <Filter>Generated Files\Release</Filter>
    </ClCompile>
  </ItemGroup>
  <ItemGroup>
    <CustomBuild Include="farmmanager.ui">
      <Filter>Form Files</Filter>
    </CustomBuild>
    <CustomBuild Include="farmmanager.qrc">
      <Filter>Resource Files</Filter>
    </CustomBuild>
    <CustomBuild Include="addgorcarq.ui">
      <Filter>Form Files</Filter>
    </CustomBuild>
    <CustomBuild Include="gorcarqner.ui">
      <Filter>Form Files</Filter>
    </CustomBuild>
    <CustomBuild Include="GeneratedFiles\ui_addgorcarq.h">
      <Filter>Generated Files</Filter>
    </CustomBuild>
    <CustomBuild Include="GeneratedFiles\ui_farmmanager.h">
      <Filter>Generated Files</Filter>
    </CustomBuild>
    <CustomBuild Include="GeneratedFiles\ui_gorcarqner.h">
      <Filter>Generated Files</Filter>
    </CustomBuild>
    <CustomBuild Include="storages.ui">
      <Filter>Form Files</Filter>
    </CustomBuild>
    <CustomBuild Include="customers.ui">
      <Filter>Form Files</Filter>
    </CustomBuild>
    <CustomBuild Include="addcustomer.ui">
      <Filter>Form Files</Filter>
    </CustomBuild>
    <CustomBuild Include="fm_core.h">
      <Filter>Application</Filter>
    </CustomBuild>
    <CustomBuild Include="GeneratedFiles\ui_addcustomer.h">
      <Filter>Generated Files</Filter>
    </CustomBuild>
    <CustomBuild Include="GeneratedFiles\ui_customers.h">
      <Filter>Generated Files</Filter>
    </CustomBuild>
    <CustomBuild Include="GeneratedFiles\ui_storages.h">
      <Filter>Generated Files</Filter>
    </CustomBuild>
    <CustomBuild Include="db_connectionstarter.h">
      <Filter>Data Base</Filter>
    </CustomBuild>
    <CustomBuild Include="db_manager.h">
      <Filter>Data Base</Filter>
    </CustomBuild>
    <CustomBuild Include="db_transactionsdata.h">
      <Filter>Data Base</Filter>
    </CustomBuild>
    <CustomBuild Include="db_storagesdata.h">
      <Filter>Data Base</Filter>
    </CustomBuild>
    <CustomBuild Include="gui_farmmanagerwidget.h">
      <Filter>Gui</Filter>
    </CustomBuild>
    <CustomBuild Include="gui_customerswidget.h">
      <Filter>Gui</Filter>
    </CustomBuild>
    <CustomBuild Include="newdeal.ui">
      <Filter>Form Files</Filter>
    </CustomBuild>
    <CustomBuild Include="storeexplorer.ui">
      <Filter>Form Files</Filter>
    </CustomBuild>
    <CustomBuild Include="gui_totalviewer_wdg.h">
      <Filter>Gui</Filter>
    </CustomBuild>
    <CustomBuild Include="totalviewer.ui">
      <Filter>Form Files</Filter>
    </CustomBuild>
    <CustomBuild Include="gui_addcustomerdlg.h">
      <Filter>Gui</Filter>
    </CustomBuild>
    <CustomBuild Include="GeneratedFiles\ui_newdeal.h">
      <Filter>Generated Files</Filter>
    </CustomBuild>
    <CustomBuild Include="GeneratedFiles\ui_storeexplorer.h">
      <Filter>Generated Files</Filter>
    </CustomBuild>
    <CustomBuild Include="GeneratedFiles\ui_totalviewer.h">
      <Filter>Generated Files</Filter>
    </CustomBuild>
    <CustomBuild Include="gui_transactionswidget.h">
      <Filter>Gui</Filter>
    </CustomBuild>
    <CustomBuild Include="db_customersdata.h">
      <Filter>Data Base</Filter>
    </CustomBuild>
    <CustomBuild Include="gui_financeswidget.h">
      <Filter>Gui</Filter>
    </CustomBuild>
    <CustomBuild Include="finances.ui">
      <Filter>Form Files</Filter>
    </CustomBuild>
    <CustomBuild Include="gui_newdealdlg.h">
      <Filter>Gui</Filter>
    </CustomBuild>
    <CustomBuild Include="gui_querytablemodel.h">
      <Filter>Gui</Filter>
    </CustomBuild>
    <CustomBuild Include="GeneratedFiles\ui_finances.h">
      <Filter>Generated Files</Filter>
    </CustomBuild>
    <CustomBuild Include="settings.ui">
      <Filter>Form Files</Filter>
    </CustomBuild>
    <CustomBuild Include="gui_settingswidget.h">
      <Filter>Gui</Filter>
    </CustomBuild>
    <CustomBuild Include="addstoreitem.ui">
      <Filter>Form Files</Filter>
    </CustomBuild>
    <CustomBuild Include="subtractproduct.ui">
      <Filter>Form Files</Filter>
    </CustomBuild>
    <CustomBuild Include="addproduct.ui">
      <Filter>Form Files</Filter>
    </CustomBuild>
    <CustomBuild Include="gui_addproduct.h">
      <Filter>Gui</Filter>
    </CustomBuild>
    <CustomBuild Include="gui_addstoreitem_dlg.h">
      <Filter>Gui</Filter>
    </CustomBuild>
    <CustomBuild Include="gui_subtractstoreitem_dlg.h">
      <Filter>Gui</Filter>
    </CustomBuild>
    <CustomBuild Include="gui_addstore_dlg.h">
      <Filter>Gui</Filter>
    </CustomBuild>
    <CustomBuild Include="addstore.ui">
      <Filter>Form Files</Filter>
    </CustomBuild>
    <CustomBuild Include="GeneratedFiles\ui_addproduct.h">
      <Filter>Generated Files</Filter>
    </CustomBuild>
    <CustomBuild Include="GeneratedFiles\ui_addstore.h">
      <Filter>Generated Files</Filter>
    </CustomBuild>
    <CustomBuild Include="GeneratedFiles\ui_addstoreitem.h">
      <Filter>Generated Files</Filter>
    </CustomBuild>
    <CustomBuild Include="GeneratedFiles\ui_settings.h">
      <Filter>Generated Files</Filter>
    </CustomBuild>
    <CustomBuild Include="GeneratedFiles\ui_subtractproduct.h">
      <Filter>Generated Files</Filter>
    </CustomBuild>
    <CustomBuild Include="addfarmcosts.ui">
      <Filter>Form Files</Filter>
    </CustomBuild>
    <CustomBuild Include="addstoragecosts.ui">
      <Filter>Form Files</Filter>
    </CustomBuild>
    <CustomBuild Include="gui_addfarmcostsdlg.h">
      <Filter>Gui</Filter>
    </CustomBuild>
    <CustomBuild Include="gui_addstoragecostsdlg.h">
      <Filter>Gui</Filter>
    </CustomBuild>
    <CustomBuild Include="declineproduct.ui">
      <Filter>Form Files</Filter>
    </CustomBuild>
    <CustomBuild Include="gui_declinestoreitemdlg.h">
      <Filter>Gui</Filter>
    </CustomBuild>
    <CustomBuild Include="gui_movestoreitem_dlg.h">
      <Filter>Gui</Filter>
    </CustomBuild>
    <CustomBuild Include="movestoreitem.ui">
      <Filter>Form Files</Filter>
    </CustomBuild>
    <CustomBuild Include="GeneratedFiles\ui_addfarmcosts.h">
      <Filter>Generated Files</Filter>
    </CustomBuild>
    <CustomBuild Include="GeneratedFiles\ui_addstoragecosts.h">
      <Filter>Generated Files</Filter>
    </CustomBuild>
    <CustomBuild Include="GeneratedFiles\ui_declineproduct.h">
      <Filter>Generated Files</Filter>
    </CustomBuild>
    <CustomBuild Include="GeneratedFiles\ui_movestoreitem.h">
      <Filter>Generated Files</Filter>
    </CustomBuild>
    <CustomBuild Include="gui_storeexplorer_wdg.h">
      <Filter>Gui</Filter>
    </CustomBuild>
    <CustomBuild Include="storagehistory.ui">
      <Filter>Form Files</Filter>
    </CustomBuild>
    <CustomBuild Include="gui_storagehistory_wdg.h">
      <Filter>Gui</Filter>
    </CustomBuild>
    <CustomBuild Include="farmmanager_hy.ts">
      <Filter>Translation Files</Filter>
    </CustomBuild>
    <CustomBuild Include="GeneratedFiles\ui_storagehistory.h">
      <Filter>Generated Files</Filter>
    </CustomBuild>
    <CustomBuild Include="nourishstoreitem.ui">
      <Filter>Form Files</Filter>
    </CustomBuild>
    <CustomBuild Include="GeneratedFiles\ui_nourishstoreitem.h">
      <Filter>Generated Files</Filter>
    </CustomBuild>
    <CustomBuild Include="gui_storageswidget.h">
      <Filter>Gui</Filter>
    </CustomBuild>
    <CustomBuild Include="gui_nourish_dlg.h">
      <Filter>Gui</Filter>
    </CustomBuild>
  </ItemGroup>
  <ItemGroup>
    <ResourceCompile Include="app_icon.rc" />
  </ItemGroup>
</Project>